
Microsoft Visual Studio Solution File, Format Version 12.00
# Visual Studio Version 17
VisualStudioVersion = 17.1.32210.238
MinimumVisualStudioVersion = 10.0.40219.1
Project("{FAE04EC0-301F-11D3-BF4B-00C04F79EFBC}") = "ERPforAll.Server", "ERPforAll\Server\ERPforAll.Server.csproj", "{3EA1F152-6A40-4292-B826-DC136BBAAAAD}"
EndProject
Project("{FAE04EC0-301F-11D3-BF4B-00C04F79EFBC}") = "ERPforAll.Client", "ERPforAll\Client\ERPforAll.Client.csproj", "{68A7E6EF-8E64-4278-A6F5-8A1FEDC926D9}"
EndProject
Project("{FAE04EC0-301F-11D3-BF4B-00C04F79EFBC}") = "ERPforAll.Shared", "ERPforAll\Shared\ERPforAll.Shared.csproj", "{34D10D7D-0554-4351-8EB9-CF98041AEB79}"
EndProject
Global
	GlobalSection(SolutionConfigurationPlatforms) = preSolution
		Debug|Any CPU = Debug|Any CPU
		Release|Any CPU = Release|Any CPU
	EndGlobalSection
	GlobalSection(ProjectConfigurationPlatforms) = postSolution
		{3EA1F152-6A40-4292-B826-DC136BBAAAAD}.Debug|Any CPU.ActiveCfg = Debug|Any CPU
		{3EA1F152-6A40-4292-B826-DC136BBAAAAD}.Debug|Any CPU.Build.0 = Debug|Any CPU
		{3EA1F152-6A40-4292-B826-DC136BBAAAAD}.Release|Any CPU.ActiveCfg = Release|Any CPU
		{3EA1F152-6A40-4292-B826-DC136BBAAAAD}.Release|Any CPU.Build.0 = Release|Any CPU
		{68A7E6EF-8E64-4278-A6F5-8A1FEDC926D9}.Debug|Any CPU.ActiveCfg = Debug|Any CPU
		{68A7E6EF-8E64-4278-A6F5-8A1FEDC926D9}.Debug|Any CPU.Build.0 = Debug|Any CPU
		{68A7E6EF-8E64-4278-A6F5-8A1FEDC926D9}.Release|Any CPU.ActiveCfg = Release|Any CPU
		{68A7E6EF-8E64-4278-A6F5-8A1FEDC926D9}.Release|Any CPU.Build.0 = Release|Any CPU
		{34D10D7D-0554-4351-8EB9-CF98041AEB79}.Debug|Any CPU.ActiveCfg = Debug|Any CPU
		{34D10D7D-0554-4351-8EB9-CF98041AEB79}.Debug|Any CPU.Build.0 = Debug|Any CPU
		{34D10D7D-0554-4351-8EB9-CF98041AEB79}.Release|Any CPU.ActiveCfg = Release|Any CPU
		{34D10D7D-0554-4351-8EB9-CF98041AEB79}.Release|Any CPU.Build.0 = Release|Any CPU
	EndGlobalSection
	GlobalSection(SolutionProperties) = preSolution
		HideSolutionNode = FALSE
	EndGlobalSection
	GlobalSection(ExtensibilityGlobals) = postSolution
		SolutionGuid = {E0745D4C-CEF8-4C4B-847F-30E011C139F1}
	EndGlobalSection
EndGlobal
